github.com/songgao/water v0.0.0-20200317203138-2b4b6d7c09d8 h1:TG/diQgUe0pntT/2D9tmUCz4VNwm9MfrtPr0SU2qSX8=
github.com/songgao/water v0.0.0-20200317203138-2b4b6d7c09d8/go.mod h1:P5HUIBuIWKbyjl083/loAegFkfbFNx5i2qEP4CNbm7E=
golang.org/x/crypto v0.0.0-20220315160706-3147a52a75dd/go.mod h1:IxCIyHEi3zRg3s0A5j5BB6A9Jmi73HwBIUl50j+osU4=
golang.org/x/net v0.0.0-20211112202133-69e39bad7dc2/go.mod h1:9nx3DQGgdP8bBQD5qxJ1jj9UTztislL4KSBs9R2vV5Y=
golang.org/x/net v0.0.0-20220225172249-27dd8689420f h1:oA4XRj0qtSt8Yo1Zms0CUlsT3KG69V2UGQWPBxujDmc=
golang.org/x/net v0.0.0-20220225172249-27dd8689420f/go.mod h1:CfG3xpIq0wQ8r1q4Su4UZFWDARRcnwPjda9FqA0JpMk=
golang.org/x/sys v0.0.0-20201119102817-f84b799fce68/go.mod h1:h1NjWce9XRLGQEsW7wpKNCjG9DtNlClVuFLEZdDNbEs=
golang.org/x/sys v0.0.0-20210423082822-04245dca01da/go.mod h1:h1NjWce9XRLGQEsW7wpKNCjG9DtNlClVuFLEZdDNbEs=
golang.org/x/sys v0.0.0-20210615035016-665e8c7367d1/go.mod h1:oPkhp1MJrh7nUepCBck5+mAzfO9JrbApNNgaTdGDITg=
golang.org/x/sys v0.0.0-20211103235746-7861aae1554b/go.mod h1:oPkhp1MJrh7nUepCBck5+mAzfO9JrbApNNgaTdGDITg=
golang.org/x/sys v0.0.0-20211216021012-1d35b9e2eb4e/go.mod h1:oPkhp1MJrh7nUepCBck5+mAzfO9JrbApNNgaTdGDITg=
golang.org/x/sys v0.0.0-20220315194320-039c03cc5b86 h1:A9i04dxx7Cribqbs8jf3FQLogkL/CV2YN7hj9KWJCkc=
golang.org/x/sys v0.0.0-20220315194320-039c03cc5b86/go.mod h1:oPkhp1MJrh7nUepCBck5+mAzfO9JrbApNNgaTdGDITg=
golang.org/x/term v0.0.0-20201126162022-7de9c90e9dd1/go.mod h1:bj7SfCRtBDWHUb9snDiAeCFNEtKQo2Wmx5Cou7ajbmo=
golang.org/x/term v0.0.0-20210927222741-03fcf44c2211/go.mod h1:jbD1KX2456YbFQfuXm/mYQcufACuNUgVhRMnK/tPxf8=
golang.org/x/text v0.3.6/go.mod h1:5Zoc/QRtKVWzQhOtBMvqHzDpF6irO9z98xDceosuGiQ=
golang.org/x/text v0.3.7/go.mod h1:u+2+/6zg+i71rQMx5EYifcz6MCKuco9NR6JIITiCfzQ=
golang.org/x/tools v0.0.0-20180917221912-90fa682c2a6e/go.mod h1:n7NCudcB/nEzxVGmLbDWY5pfWTLqBcC2KZ6jyYvM4mQ=
golang.zx2c4.com/wintun v0.0.0-20211104114900-415007cec224 h1:Ug9qvr1myri/zFN6xL17LSCBGFDnphBBhzmILHsM5TY=
golang.zx2c4.com/wintun v0.0.0-20211104114900-415007cec224/go.mod h1:deeaetjYA+DHMHg+sMSMI58GrEteJUUzzw7en6TJQcI=
golang.zx2c4.com/wireguard v0.0.0-20220703234212-c31a7b1ab478 h1:vDy//hdR+GnROE3OdYbQKt9rdtNdHkDtONvpRwmls/0=
golang.zx2c4.com/wireguard v0.0.0-20220703234212-c31a7b1ab478/go.mod h1:bVQfyl2sCM/QIIGHpWbFGfHPuDvqnCNkT6MQLTCjO/U=
